
Microsoft Visual Studio Solution File, Format Version 12.00
# Visual Studio Version 16
VisualStudioVersion = 16.0.28803.202
MinimumVisualStudioVersion = 10.0.40219.1
Project("{FAE04EC0-301F-11D3-BF4B-00C04F79EFBC}") = "SPrevOferta", "SPrevOferta\SPrevOferta.csproj", "{EA3980C2-3A3D-473B-AB90-73D114842221}"
EndProject
Project("{FAE04EC0-301F-11D3-BF4B-00C04F79EFBC}") = "SPrevOferta_Teste", "SPrevOferta_Teste\SPrevOferta_Teste.csproj", "{96537BA4-B033-4298-BFF0-25647AAB94B6}"
EndProject
Global
	GlobalSection(SolutionConfigurationPlatforms) = preSolution
		Debug|Any CPU = Debug|Any CPU
		Release|Any CPU = Release|Any CPU
	EndGlobalSection
	GlobalSection(ProjectConfigurationPlatforms) = postSolution
		{EA3980C2-3A3D-473B-AB90-73D114842221}.Debug|Any CPU.ActiveCfg = Debug|Any CPU
		{EA3980C2-3A3D-473B-AB90-73D114842221}.Debug|Any CPU.Build.0 = Debug|Any CPU
		{EA3980C2-3A3D-473B-AB90-73D114842221}.Release|Any CPU.ActiveCfg = Release|Any CPU
		{EA3980C2-3A3D-473B-AB90-73D114842221}.Release|Any CPU.Build.0 = Release|Any CPU
		{96537BA4-B033-4298-BFF0-25647AAB94B6}.Debug|Any CPU.ActiveCfg = Debug|Any CPU
		{96537BA4-B033-4298-BFF0-25647AAB94B6}.Debug|Any CPU.Build.0 = Debug|Any CPU
		{96537BA4-B033-4298-BFF0-25647AAB94B6}.Release|Any CPU.ActiveCfg = Release|Any CPU
		{96537BA4-B033-4298-BFF0-25647AAB94B6}.Release|Any CPU.Build.0 = Release|Any CPU
	EndGlobalSection
	GlobalSection(SolutionProperties) = preSolution
		HideSolutionNode = FALSE
	EndGlobalSection
	GlobalSection(ExtensibilityGlobals) = postSolution
		SolutionGuid = {64D985A8-D16C-4E6E-BAD4-99D786CB8360}
	EndGlobalSection
EndGlobal
